{
  "requires": true,
  "lockfileVersion": 1,
  "dependencies": {
    "date-fns": {
      "version": "2.4.1",
      "resolved": "https://registry.npmjs.org/date-fns/-/date-fns-2.4.1.tgz",
      "integrity": "sha512-2RhmH/sjDSCYW2F3ZQxOUx/I7PvzXpi89aQL2d3OAxSTwLx6NilATeUbe0menFE3Lu5lFkOFci36ivimwYHHxw=="
    }
  }
}
